
Microsoft Visual Studio Solution File, Format Version 12.00
# Visual Studio Version 17
VisualStudioVersion = 17.4.33205.214
MinimumVisualStudioVersion = 10.0.40219.1
Project("{FAE04EC0-301F-11D3-BF4B-00C04F79EFBC}") = "NZWalks.API", "NZWalks.API\NZWalks.API.csproj", "{4FC09667-50FE-43F9-A1DC-5FA310EEDB44}"
EndProject
Global
	GlobalSection(SolutionConfigurationPlatforms) = preSolution
		Debug|Any CPU = Debug|Any CPU
		Release|Any CPU = Release|Any CPU
	EndGlobalSection
	GlobalSection(ProjectConfigurationPlatforms) = postSolution
		{4FC09667-50FE-43F9-A1DC-5FA310EEDB44}.Debug|Any CPU.ActiveCfg = Debug|Any CPU
		{4FC09667-50FE-43F9-A1DC-5FA310EEDB44}.Debug|Any CPU.Build.0 = Debug|Any CPU
		{4FC09667-50FE-43F9-A1DC-5FA310EEDB44}.Release|Any CPU.ActiveCfg = Release|Any CPU
		{4FC09667-50FE-43F9-A1DC-5FA310EEDB44}.Release|Any CPU.Build.0 = Release|Any CPU
	EndGlobalSection
	GlobalSection(SolutionProperties) = preSolution
		HideSolutionNode = FALSE
	EndGlobalSection
	GlobalSection(ExtensibilityGlobals) = postSolution
		SolutionGuid = {66B3C624-47E9-4C8E-B398-24F790AF510C}
	EndGlobalSection
EndGlobal
